
Microsoft Visual Studio Solution File, Format Version 12.00
# Visual Studio Version 17
VisualStudioVersion = 17.0.31903.59
MinimumVisualStudioVersion = 10.0.40219.1
Project("{2150E333-8FDC-42A3-9474-1A3956D46DE8}") = "GravityFalls.Client", "GravityFalls.Client", "{B5A7D4B8-4CA6-F1B7-2693-0150EDB8EB89}"
EndProject
Project("{FAE04EC0-301F-11D3-BF4B-00C04F79EFBC}") = "SavePuffle", "GravityFalls.Client\SavePuffle.csproj", "{3B8F54AC-14C4-4E54-8562-C9A909D28D07}"
EndProject
Project("{FAE04EC0-301F-11D3-BF4B-00C04F79EFBC}") = "GravityFalls.Server", "GravityFalls.Server\GravityFalls.Server.csproj", "{6F3983B8-55A6-4A7A-98A4-46FE6CA14DCB}"
EndProject
Project("{FAE04EC0-301F-11D3-BF4B-00C04F79EFBC}") = "GravityFalls.Shared", "GravityFalls.Shared\GravityFalls.Shared.csproj", "{EB6E8A2C-E4B9-4E93-9B50-6EA9F90536D8}"
EndProject
Global
	GlobalSection(SolutionConfigurationPlatforms) = preSolution
		Debug|Any CPU = Debug|Any CPU
		Debug|x64 = Debug|x64
		Debug|x86 = Debug|x86
		Release|Any CPU = Release|Any CPU
		Release|x64 = Release|x64
		Release|x86 = Release|x86
	EndGlobalSection
	GlobalSection(ProjectConfigurationPlatforms) = postSolution
		{3B8F54AC-14C4-4E54-8562-C9A909D28D07}.Debug|Any CPU.ActiveCfg = Debug|Any CPU
		{3B8F54AC-14C4-4E54-8562-C9A909D28D07}.Debug|Any CPU.Build.0 = Debug|Any CPU
		{3B8F54AC-14C4-4E54-8562-C9A909D28D07}.Debug|x64.ActiveCfg = Debug|Any CPU
		{3B8F54AC-14C4-4E54-8562-C9A909D28D07}.Debug|x64.Build.0 = Debug|Any CPU
		{3B8F54AC-14C4-4E54-8562-C9A909D28D07}.Debug|x86.ActiveCfg = Debug|Any CPU
		{3B8F54AC-14C4-4E54-8562-C9A909D28D07}.Debug|x86.Build.0 = Debug|Any CPU
		{3B8F54AC-14C4-4E54-8562-C9A909D28D07}.Release|Any CPU.ActiveCfg = Release|Any CPU
		{3B8F54AC-14C4-4E54-8562-C9A909D28D07}.Release|Any CPU.Build.0 = Release|Any CPU
		{3B8F54AC-14C4-4E54-8562-C9A909D28D07}.Release|x64.ActiveCfg = Release|Any CPU
		{3B8F54AC-14C4-4E54-8562-C9A909D28D07}.Release|x64.Build.0 = Release|Any CPU
		{3B8F54AC-14C4-4E54-8562-C9A909D28D07}.Release|x86.ActiveCfg = Release|Any CPU
		{3B8F54AC-14C4-4E54-8562-C9A909D28D07}.Release|x86.Build.0 = Release|Any CPU
		{6F3983B8-55A6-4A7A-98A4-46FE6CA14DCB}.Debug|Any CPU.ActiveCfg = Debug|Any CPU
		{6F3983B8-55A6-4A7A-98A4-46FE6CA14DCB}.Debug|Any CPU.Build.0 = Debug|Any CPU
		{6F3983B8-55A6-4A7A-98A4-46FE6CA14DCB}.Debug|x64.ActiveCfg = Debug|Any CPU
		{6F3983B8-55A6-4A7A-98A4-46FE6CA14DCB}.Debug|x64.Build.0 = Debug|Any CPU
		{6F3983B8-55A6-4A7A-98A4-46FE6CA14DCB}.Debug|x86.ActiveCfg = Debug|Any CPU
		{6F3983B8-55A6-4A7A-98A4-46FE6CA14DCB}.Debug|x86.Build.0 = Debug|Any CPU
		{6F3983B8-55A6-4A7A-98A4-46FE6CA14DCB}.Release|Any CPU.ActiveCfg = Release|Any CPU
		{6F3983B8-55A6-4A7A-98A4-46FE6CA14DCB}.Release|Any CPU.Build.0 = Release|Any CPU
		{6F3983B8-55A6-4A7A-98A4-46FE6CA14DCB}.Release|x64.ActiveCfg = Release|Any CPU
		{6F3983B8-55A6-4A7A-98A4-46FE6CA14DCB}.Release|x64.Build.0 = Release|Any CPU
		{6F3983B8-55A6-4A7A-98A4-46FE6CA14DCB}.Release|x86.ActiveCfg = Release|Any CPU
		{6F3983B8-55A6-4A7A-98A4-46FE6CA14DCB}.Release|x86.Build.0 = Release|Any CPU
		{EB6E8A2C-E4B9-4E93-9B50-6EA9F90536D8}.Debug|Any CPU.ActiveCfg = Debug|Any CPU
		{EB6E8A2C-E4B9-4E93-9B50-6EA9F90536D8}.Debug|Any CPU.Build.0 = Debug|Any CPU
		{EB6E8A2C-E4B9-4E93-9B50-6EA9F90536D8}.Debug|x64.ActiveCfg = Debug|Any CPU
		{EB6E8A2C-E4B9-4E93-9B50-6EA9F90536D8}.Debug|x64.Build.0 = Debug|Any CPU
		{EB6E8A2C-E4B9-4E93-9B50-6EA9F90536D8}.Debug|x86.ActiveCfg = Debug|Any CPU
		{EB6E8A2C-E4B9-4E93-9B50-6EA9F90536D8}.Debug|x86.Build.0 = Debug|Any CPU
		{EB6E8A2C-E4B9-4E93-9B50-6EA9F90536D8}.Release|Any CPU.ActiveCfg = Release|Any CPU
		{EB6E8A2C-E4B9-4E93-9B50-6EA9F90536D8}.Release|Any CPU.Build.0 = Release|Any CPU
		{EB6E8A2C-E4B9-4E93-9B50-6EA9F90536D8}.Release|x64.ActiveCfg = Release|Any CPU
		{EB6E8A2C-E4B9-4E93-9B50-6EA9F90536D8}.Release|x64.Build.0 = Release|Any CPU
		{EB6E8A2C-E4B9-4E93-9B50-6EA9F90536D8}.Release|x86.ActiveCfg = Release|Any CPU
		{EB6E8A2C-E4B9-4E93-9B50-6EA9F90536D8}.Release|x86.Build.0 = Release|Any CPU
	EndGlobalSection
	GlobalSection(SolutionProperties) = preSolution
		HideSolutionNode = FALSE
	EndGlobalSection
	GlobalSection(NestedProjects) = preSolution
		{3B8F54AC-14C4-4E54-8562-C9A909D28D07} = {B5A7D4B8-4CA6-F1B7-2693-0150EDB8EB89}
	EndGlobalSection
EndGlobal
